
Microsoft Visual Studio Solution File, Format Version 12.00
# Visual Studio Version 17
VisualStudioVersion = 17.2.32616.157
MinimumVisualStudioVersion = 10.0.40219.1
Project("{FAE04EC0-301F-11D3-BF4B-00C04F79EFBC}") = "Application_Code", "Application_Code\Application_Code.csproj", "{A50E4ABC-B199-429C-B2CF-C8BCB39E77F2}"
EndProject
Global
	GlobalSection(SolutionConfigurationPlatforms) = preSolution
		Debug|Any CPU = Debug|Any CPU
		Release|Any CPU = Release|Any CPU
	EndGlobalSection
	GlobalSection(ProjectConfigurationPlatforms) = postSolution
		{A50E4ABC-B199-429C-B2CF-C8BCB39E77F2}.Debug|Any CPU.ActiveCfg = Debug|Any CPU
		{A50E4ABC-B199-429C-B2CF-C8BCB39E77F2}.Debug|Any CPU.Build.0 = Debug|Any CPU
		{A50E4ABC-B199-429C-B2CF-C8BCB39E77F2}.Release|Any CPU.ActiveCfg = Release|Any CPU
		{A50E4ABC-B199-429C-B2CF-C8BCB39E77F2}.Release|Any CPU.Build.0 = Release|Any CPU
	EndGlobalSection
	GlobalSection(SolutionProperties) = preSolution
		HideSolutionNode = FALSE
	EndGlobalSection
	GlobalSection(ExtensibilityGlobals) = postSolution
		SolutionGuid = {C03AA72F-93EC-4EDD-A87E-4CEB6F4876BA}
	EndGlobalSection
EndGlobal
